
Microsoft Visual Studio Solution File, Format Version 12.00
# Visual Studio Version 17
VisualStudioVersion = 17.9.34622.214
MinimumVisualStudioVersion = 10.0.40219.1
Project("{9A19103F-16F7-4668-BE54-9A1E7A4F7556}") = "Calificaciones Universidad", "Calificaciones Universidad.csproj", "{3AFF1E7E-EBBC-432C-B677-CD66F0AE7896}"
EndProject
Project("{9A19103F-16F7-4668-BE54-9A1E7A4F7556}") = "Prueba2", "..\Prueba2\Prueba2.csproj", "{5613C996-F9AC-4E6A-92F5-84DDE3BA2BCF}"
EndProject
Project("{9A19103F-16F7-4668-BE54-9A1E7A4F7556}") = "Prueba 3 (DESDE CASA)", "..\..\Pruebas\Calificaciones\Prueba 3 (DESDE CASA).csproj", "{538589B4-143C-42BD-852C-0EC479B6BCE9}"
EndProject
Global
	GlobalSection(SolutionConfigurationPlatforms) = preSolution
		Debug|Any CPU = Debug|Any CPU
		Release|Any CPU = Release|Any CPU
	EndGlobalSection
	GlobalSection(ProjectConfigurationPlatforms) = postSolution
		{3AFF1E7E-EBBC-432C-B677-CD66F0AE7896}.Debug|Any CPU.ActiveCfg = Debug|Any CPU
		{3AFF1E7E-EBBC-432C-B677-CD66F0AE7896}.Debug|Any CPU.Build.0 = Debug|Any CPU
		{3AFF1E7E-EBBC-432C-B677-CD66F0AE7896}.Release|Any CPU.ActiveCfg = Release|Any CPU
		{3AFF1E7E-EBBC-432C-B677-CD66F0AE7896}.Release|Any CPU.Build.0 = Release|Any CPU
		{5613C996-F9AC-4E6A-92F5-84DDE3BA2BCF}.Debug|Any CPU.ActiveCfg = Debug|Any CPU
		{5613C996-F9AC-4E6A-92F5-84DDE3BA2BCF}.Debug|Any CPU.Build.0 = Debug|Any CPU
		{5613C996-F9AC-4E6A-92F5-84DDE3BA2BCF}.Release|Any CPU.ActiveCfg = Release|Any CPU
		{5613C996-F9AC-4E6A-92F5-84DDE3BA2BCF}.Release|Any CPU.Build.0 = Release|Any CPU
		{538589B4-143C-42BD-852C-0EC479B6BCE9}.Debug|Any CPU.ActiveCfg = Debug|Any CPU
		{538589B4-143C-42BD-852C-0EC479B6BCE9}.Debug|Any CPU.Build.0 = Debug|Any CPU
		{538589B4-143C-42BD-852C-0EC479B6BCE9}.Release|Any CPU.ActiveCfg = Release|Any CPU
		{538589B4-143C-42BD-852C-0EC479B6BCE9}.Release|Any CPU.Build.0 = Release|Any CPU
	EndGlobalSection
	GlobalSection(SolutionProperties) = preSolution
		HideSolutionNode = FALSE
	EndGlobalSection
	GlobalSection(ExtensibilityGlobals) = postSolution
		SolutionGuid = {369BC4A8-4EEA-474B-87B8-C4BFFA52AC14}
	EndGlobalSection
EndGlobal
